
Microsoft Visual Studio Solution File, Format Version 12.00
# Visual Studio Version 16
VisualStudioVersion = 16.0.29905.134
MinimumVisualStudioVersion = 10.0.40219.1
Project("{FAE04EC0-301F-11D3-BF4B-00C04F79EFBC}") = "BrowserCheck", "BrowserCheck\BrowserCheck.csproj", "{ACDF5E7B-1727-4040-AC8E-3655D0E896C2}"
EndProject
Global
	GlobalSection(SolutionConfigurationPlatforms) = preSolution
		Debug|Any CPU = Debug|Any CPU
		Release|Any CPU = Release|Any CPU
	EndGlobalSection
	GlobalSection(ProjectConfigurationPlatforms) = postSolution
		{ACDF5E7B-1727-4040-AC8E-3655D0E896C2}.Debug|Any CPU.ActiveCfg = Debug|Any CPU
		{ACDF5E7B-1727-4040-AC8E-3655D0E896C2}.Debug|Any CPU.Build.0 = Debug|Any CPU
		{ACDF5E7B-1727-4040-AC8E-3655D0E896C2}.Release|Any CPU.ActiveCfg = Release|Any CPU
		{ACDF5E7B-1727-4040-AC8E-3655D0E896C2}.Release|Any CPU.Build.0 = Release|Any CPU
	EndGlobalSection
	GlobalSection(SolutionProperties) = preSolution
		HideSolutionNode = FALSE
	EndGlobalSection
	GlobalSection(ExtensibilityGlobals) = postSolution
		SolutionGuid = {ADA9A913-7467-472F-A242-4A65BFCAFC86}
	EndGlobalSection
EndGlobal
